Microsoft Visual Studio Solution File, Format Version 12.00
# Visual Studio Version 17
VisualStudioVersion = 17.5.2.0
MinimumVisualStudioVersion = 10.0.40219.1
Project("{FAE04EC0-301F-11D3-BF4B-00C04F79EFBC}") = "PortModelApi", "PortModelApi\PortModelApi.csproj", "{15C206C7-132F-F275-964E-3DFF61F0A874}"
EndProject
Project("{2150E333-8FDC-42A3-9474-1A3956D46DE8}") = "PortModelApi (1)", "PortModelApi (1)", "{79702E71-33F8-CA9D-3596-280F945583F3}"
EndProject
Project("{FAE04EC0-301F-11D3-BF4B-00C04F79EFBC}") = "PortModelApi.Tests", "PortModelApi\PortModelApi.Tests\PortModelApi.Tests.csproj", "{BDE7C6C0-7785-8179-8C25-228E2523E251}"
EndProject
Global
	GlobalSection(SolutionConfigurationPlatforms) = preSolution
		Debug|Any CPU = Debug|Any CPU
		Release|Any CPU = Release|Any CPU
	EndGlobalSection
	GlobalSection(ProjectConfigurationPlatforms) = postSolution
		{15C206C7-132F-F275-964E-3DFF61F0A874}.Debug|Any CPU.ActiveCfg = Debug|Any CPU
		{15C206C7-132F-F275-964E-3DFF61F0A874}.Debug|Any CPU.Build.0 = Debug|Any CPU
		{15C206C7-132F-F275-964E-3DFF61F0A874}.Release|Any CPU.ActiveCfg = Release|Any CPU
		{15C206C7-132F-F275-964E-3DFF61F0A874}.Release|Any CPU.Build.0 = Release|Any CPU
		{BDE7C6C0-7785-8179-8C25-228E2523E251}.Debug|Any CPU.ActiveCfg = Debug|Any CPU
		{BDE7C6C0-7785-8179-8C25-228E2523E251}.Debug|Any CPU.Build.0 = Debug|Any CPU
		{BDE7C6C0-7785-8179-8C25-228E2523E251}.Release|Any CPU.ActiveCfg = Release|Any CPU
		{BDE7C6C0-7785-8179-8C25-228E2523E251}.Release|Any CPU.Build.0 = Release|Any CPU
	EndGlobalSection
	GlobalSection(SolutionProperties) = preSolution
		HideSolutionNode = FALSE
	EndGlobalSection
	GlobalSection(NestedProjects) = preSolution
		{BDE7C6C0-7785-8179-8C25-228E2523E251} = {79702E71-33F8-CA9D-3596-280F945583F3}
	EndGlobalSection
	GlobalSection(ExtensibilityGlobals) = postSolution
		SolutionGuid = {B10AACAB-6782-4558-A221-04430090BA5D}
	EndGlobalSection
EndGlobal
